
Microsoft Visual Studio Solution File, Format Version 12.00
# Visual Studio Version 17
VisualStudioVersion = 17.0.32112.339
MinimumVisualStudioVersion = 10.0.40219.1
Project("{FAE04EC0-301F-11D3-BF4B-00C04F79EFBC}") = "lab8", "lab8\lab8.csproj", "{B19D27C6-9793-4E00-BAF0-7251BA9842FF}"
EndProject
Global
	GlobalSection(SolutionConfigurationPlatforms) = preSolution
		Debug|Any CPU = Debug|Any CPU
		Release|Any CPU = Release|Any CPU
	EndGlobalSection
	GlobalSection(ProjectConfigurationPlatforms) = postSolution
		{B19D27C6-9793-4E00-BAF0-7251BA9842FF}.Debug|Any CPU.ActiveCfg = Debug|Any CPU
		{B19D27C6-9793-4E00-BAF0-7251BA9842FF}.Debug|Any CPU.Build.0 = Debug|Any CPU
		{B19D27C6-9793-4E00-BAF0-7251BA9842FF}.Release|Any CPU.ActiveCfg = Release|Any CPU
		{B19D27C6-9793-4E00-BAF0-7251BA9842FF}.Release|Any CPU.Build.0 = Release|Any CPU
	EndGlobalSection
	GlobalSection(SolutionProperties) = preSolution
		HideSolutionNode = FALSE
	EndGlobalSection
	GlobalSection(ExtensibilityGlobals) = postSolution
		SolutionGuid = {A8EC7544-74C5-4A3C-83DC-67F5AC164C91}
	EndGlobalSection
EndGlobal
